// !$*UTF8*$!
{
	archiveVersion = 1;
	classes = {
	};
	objectVersion = 46;
	objects = {

/* Begin PBXBuildFile section */
		19A170E87CF4F8D1892BEC0F /* SPLoadingIndicator.m in Sources */ = {isa = PBXBuildFile; fileRef = 19A17A32CCBF89A3A9100336 /* SPLoadingIndicator.m */; };
		19A1762A424B0B1BC978E2C4 /* LaunchScreen.xib in Resources */ = {isa = PBXBuildFile; fileRef = 19A17A4F1B2AF67A87039AAD /* LaunchScreen.xib */; };
		19A1765DEE06FBBD128996BB /* AppDelegate.m in Sources */ = {isa = PBXBuildFile; fileRef = 19A17CE9549D8E7C365A559F /* AppDelegate.m */; };
		19A176B0635AD84F089510A4 /* Main.storyboard in Resources */ = {isa = PBXBuildFile; fileRef = 19A17BEB04FCC4C89028D74E /* Main.storyboard */; };
		19A17B26D7FCEC66C099F863 /* Images.xcassets in Resources */ = {isa = PBXBuildFile; fileRef = 19A17701BCA64E6B940BFA66 /* Images.xcassets */; };
		19A17C67ECF1AB8A59D2490C /* ViewController.m in Sources */ = {isa = PBXBuildFile; fileRef = 19A1713D0B1E8DE6F37E84A7 /* ViewController.m */; };
		19A17D255D4FE06889DC74C1 /* SPLoadingIndicator.xib in Resources */ = {isa = PBXBuildFile; fileRef = 19A175853085C592B75BD847 /* SPLoadingIndicator.xib */; };
		3D8782F11A1B67670069BEC6 /* main.m in Sources */ = {isa = PBXBuildFile; fileRef = 3D8782F01A1B67670069BEC6 /* main.m */; };
		3D87830B1A1B67670069BEC6 /* SpinnerViewTests.m in Sources */ = {isa = PBXBuildFile; fileRef = 3D87830A1A1B67670069BEC6 /* SpinnerViewTests.m */; };
/* End PBXBuildFile section */

/* Begin PBXContainerItemProxy section */
		3D8783051A1B67670069BEC6 /* PBXContainerItemProxy */ = {
			isa = PBXContainerItemProxy;
			containerPortal = 3D8782E31A1B67670069BEC6 /* Project object */;
			proxyType = 1;
			remoteGlobalIDString = 3D8782EA1A1B67670069BEC6;
			remoteInfo = SpinnerView;
		};
/* End PBXContainerItemProxy section */

/* Begin PBXFileReference section */
		19A1710DFE81434C2C5F9E89 /* Base */ = {isa = PBXFileReference; lastKnownFileType = file.storyboard; name = Base; path = SPLoadingIndicator/Base.lproj/Main.storyboard; sourceTree = SOURCE_ROOT; };
		19A1713D0B1E8DE6F37E84A7 /* ViewController.m */ = {isa = PBXFileReference; fileEncoding = 4; lastKnownFileType = sourcecode.c.objc; path = ViewController.m; sourceTree = "<group>"; };
		19A174942213E36F09779EF7 /* SPLoadingIndicator.h */ = {isa = PBXFileReference; fileEncoding = 4; lastKnownFileType = sourcecode.c.h; path = SPLoadingIndicator.h; sourceTree = "<group>"; };
		19A1749DDC17E93D84AEEAE1 /* Base */ = {isa = PBXFileReference; lastKnownFileType = file.xib; name = Base; path = SPLoadingIndicator/Base.lproj/LaunchScreen.xib; sourceTree = SOURCE_ROOT; };
		19A175853085C592B75BD847 /* SPLoadingIndicator.xib */ = {isa = PBXFileReference; lastKnownFileType = file.xib; path = SPLoadingIndicator.xib; sourceTree = "<group>"; };
		19A17701BCA64E6B940BFA66 /* Images.xcassets */ = {isa = PBXFileReference; lastKnownFileType = folder.assetcatalog; path = Images.xcassets; sourceTree = "<group>"; };
		19A17A32CCBF89A3A9100336 /* SPLoadingIndicator.m */ = {isa = PBXFileReference; fileEncoding = 4; lastKnownFileType = sourcecode.c.objc; path = SPLoadingIndicator.m; sourceTree = "<group>"; };
		19A17CE9549D8E7C365A559F /* AppDelegate.m */ = {isa = PBXFileReference; fileEncoding = 4; lastKnownFileType = sourcecode.c.objc; path = AppDelegate.m; sourceTree = "<group>"; };
		19A17D27AB32DB5609803E9E /* AppDelegate.h */ = {isa = PBXFileReference; fileEncoding = 4; lastKnownFileType = sourcecode.c.h; path = AppDelegate.h; sourceTree = "<group>"; };
		19A17D35AD9C5BC16F5579B7 /* ViewController.h */ = {isa = PBXFileReference; fileEncoding = 4; lastKnownFileType = sourcecode.c.h; path = ViewController.h; sourceTree = "<group>"; };
		3D8782EB1A1B67670069BEC6 /* SPLoadingIndicator.app */ = {isa = PBXFileReference; explicitFileType = wrapper.application; includeInIndex = 0; path = SPLoadingIndicator.app; sourceTree = BUILT_PRODUCTS_DIR; };
		3D8782EF1A1B67670069BEC6 /* Info.plist */ = {isa = PBXFileReference; lastKnownFileType = text.plist.xml; path = Info.plist; sourceTree = "<group>"; };
		3D8782F01A1B67670069BEC6 /* main.m */ = {isa = PBXFileReference; lastKnownFileType = sourcecode.c.objc; path = main.m; sourceTree = "<group>"; };
		3D8783041A1B67670069BEC6 /* SPLoadingIndicatorTests.xctest */ = {isa = PBXFileReference; explicitFileType = wrapper.cfbundle; includeInIndex = 0; path = SPLoadingIndicatorTests.xctest; sourceTree = BUILT_PRODUCTS_DIR; };
		3D8783091A1B67670069BEC6 /* Info.plist */ = {isa = PBXFileReference; lastKnownFileType = text.plist.xml; path = Info.plist; sourceTree = "<group>"; };
		3D87830A1A1B67670069BEC6 /* SpinnerViewTests.m */ = {isa = PBXFileReference; lastKnownFileType = sourcecode.c.objc; path = SpinnerViewTests.m; sourceTree = "<group>"; };
/* End PBXFileReference section */

/* Begin PBXFrameworksBuildPhase section */
		3D8782E81A1B67670069BEC6 /* Frameworks */ = {
			isa = PBXFrameworksBuildPhase;
			buildActionMask = 2147483647;
			files = (
			);
			runOnlyForDeploymentPostprocessing = 0;
		};
		3D8783011A1B67670069BEC6 /* Frameworks */ = {
			isa = PBXFrameworksBuildPhase;
			buildActionMask = 2147483647;
			files = (
			);
			runOnlyForDeploymentPostprocessing = 0;
		};
/* End PBXFrameworksBuildPhase section */

/* Begin PBXGroup section */
		19A178532FBEB4749F022D6B /* Resources */ = {
			isa = PBXGroup;
			children = (
				19A17BEB04FCC4C89028D74E /* Main.storyboard */,
				19A17A4F1B2AF67A87039AAD /* LaunchScreen.xib */,
				19A17701BCA64E6B940BFA66 /* Images.xcassets */,
			);
			path = Resources;
			sourceTree = "<group>";
		};
		19A178C8D7A52C6817EE186D /* Views */ = {
			isa = PBXGroup;
			children = (
				19A174942213E36F09779EF7 /* SPLoadingIndicator.h */,
				19A175853085C592B75BD847 /* SPLoadingIndicator.xib */,
				19A17A32CCBF89A3A9100336 /* SPLoadingIndicator.m */,
			);
			path = Views;
			sourceTree = "<group>";
		};
		19A1796050E03F1C5A81C2CF /* Classes */ = {
			isa = PBXGroup;
			children = (
				19A178C8D7A52C6817EE186D /* Views */,
				19A17C5676F26CA53DA6F451 /* Controllers */,
				19A17D9AB25D6DF529BDC937 /* Application */,
			);
			path = Classes;
			sourceTree = "<group>";
		};
		19A17C5676F26CA53DA6F451 /* Controllers */ = {
			isa = PBXGroup;
			children = (
				19A17D35AD9C5BC16F5579B7 /* ViewController.h */,
				19A1713D0B1E8DE6F37E84A7 /* ViewController.m */,
			);
			path = Controllers;
			sourceTree = "<group>";
		};
		19A17D9AB25D6DF529BDC937 /* Application */ = {
			isa = PBXGroup;
			children = (
				19A17D27AB32DB5609803E9E /* AppDelegate.h */,
				19A17CE9549D8E7C365A559F /* AppDelegate.m */,
			);
			path = Application;
			sourceTree = "<group>";
		};
		3D8782E21A1B67670069BEC6 = {
			isa = PBXGroup;
			children = (
				3D8782ED1A1B67670069BEC6 /* SPLoadingIndicator */,
				3D8783071A1B67670069BEC6 /* SPLoadingIndicatorTests */,
				3D8782EC1A1B67670069BEC6 /* Products */,
			);
			sourceTree = "<group>";
		};
		3D8782EC1A1B67670069BEC6 /* Products */ = {
			isa = PBXGroup;
			children = (
				3D8782EB1A1B67670069BEC6 /* SPLoadingIndicator.app */,
				3D8783041A1B67670069BEC6 /* SPLoadingIndicatorTests.xctest */,
			);
			name = Products;
			sourceTree = "<group>";
		};
		3D8782ED1A1B67670069BEC6 /* SPLoadingIndicator */ = {
			isa = PBXGroup;
			children = (
				3D8782EE1A1B67670069BEC6 /* Supporting Files */,
				19A1796050E03F1C5A81C2CF /* Classes */,
				19A178532FBEB4749F022D6B /* Resources */,
			);
			path = SPLoadingIndicator;
			sourceTree = "<group>";
		};
		3D8782EE1A1B67670069BEC6 /* Supporting Files */ = {
			isa = PBXGroup;
			children = (
				3D8782EF1A1B67670069BEC6 /* Info.plist */,
				3D8782F01A1B67670069BEC6 /* main.m */,
			);
			name = "Supporting Files";
			sourceTree = "<group>";
		};
		3D8783071A1B67670069BEC6 /* SPLoadingIndicatorTests */ = {
			isa = PBXGroup;
			children = (
				3D87830A1A1B67670069BEC6 /* SpinnerViewTests.m */,
				3D8783081A1B67670069BEC6 /* Supporting Files */,
			);
			path = SPLoadingIndicatorTests;
			sourceTree = "<group>";
		};
		3D8783081A1B67670069BEC6 /* Supporting Files */ = {
			isa = PBXGroup;
			children = (
				3D8783091A1B67670069BEC6 /* Info.plist */,
			);
			name = "Supporting Files";
			sourceTree = "<group>";
		};
/* End PBXGroup section */

/* Begin PBXNativeTarget section */
		3D8782EA1A1B67670069BEC6 /* SPLoadingIndicator */ = {
			isa = PBXNativeTarget;
			buildConfigurationList = 3D87830E1A1B67670069BEC6 /* Build configuration list for PBXNativeTarget "SPLoadingIndicator" */;
			buildPhases = (
				3D8782E71A1B67670069BEC6 /* Sources */,
				3D8782E81A1B67670069BEC6 /* Frameworks */,
				3D8782E91A1B67670069BEC6 /* Resources */,
			);
			buildRules = (
			);
			dependencies = (
			);
			name = SPLoadingIndicator;
			productName = SpinnerView;
			productReference = 3D8782EB1A1B67670069BEC6 /* SPLoadingIndicator.app */;
			productType = "com.apple.product-type.application";
		};
		3D8783031A1B67670069BEC6 /* SPLoadingIndicatorTests */ = {
			isa = PBXNativeTarget;
			buildConfigurationList = 3D8783111A1B67670069BEC6 /* Build configuration list for PBXNativeTarget "SPLoadingIndicatorTests" */;
			buildPhases = (
				3D8783001A1B67670069BEC6 /* Sources */,
				3D8783011A1B67670069BEC6 /* Frameworks */,
				3D8783021A1B67670069BEC6 /* Resources */,
			);
			buildRules = (
			);
			dependencies = (
				3D8783061A1B67670069BEC6 /* PBXTargetDependency */,
			);
			name = SPLoadingIndicatorTests;
			productName = SpinnerViewTests;
			productReference = 3D8783041A1B67670069BEC6 /* SPLoadingIndicatorTests.xctest */;
			productType = "com.apple.product-type.bundle.unit-test";
		};
/* End PBXNativeTarget section */

/* Begin PBXProject section */
		3D8782E31A1B67670069BEC6 /* Project object */ = {
			isa = PBXProject;
			attributes = {
				LastUpgradeCheck = 0610;
				ORGANIZATIONNAME = "Tequila Apps";
				TargetAttributes = {
					3D8782EA1A1B67670069BEC6 = {
						CreatedOnToolsVersion = 6.1;
					};
					3D8783031A1B67670069BEC6 = {
						CreatedOnToolsVersion = 6.1;
						TestTargetID = 3D8782EA1A1B67670069BEC6;
					};
				};
			};
			buildConfigurationList = 3D8782E61A1B67670069BEC6 /* Build configuration list for PBXProject "SPLoadingIndicator" */;
			compatibilityVersion = "Xcode 3.2";
			developmentRegion = English;
			hasScannedForEncodings = 0;
			knownRegions = (
				en,
				Base,
			);
			mainGroup = 3D8782E21A1B67670069BEC6;
			productRefGroup = 3D8782EC1A1B67670069BEC6 /* Products */;
			projectDirPath = "";
			projectRoot = "";
			targets = (
				3D8782EA1A1B67670069BEC6 /* SPLoadingIndicator */,
				3D8783031A1B67670069BEC6 /* SPLoadingIndicatorTests */,
			);
		};
/* End PBXProject section */

/* Begin PBXResourcesBuildPhase section */
		3D8782E91A1B67670069BEC6 /* Resources */ = {
			isa = PBXResourcesBuildPhase;
			buildActionMask = 2147483647;
			files = (
				19A17D255D4FE06889DC74C1 /* SPLoadingIndicator.xib in Resources */,
				19A176B0635AD84F089510A4 /* Main.storyboard in Resources */,
				19A1762A424B0B1BC978E2C4 /* LaunchScreen.xib in Resources */,
				19A17B26D7FCEC66C099F863 /* Images.xcassets in Resources */,
			);
			runOnlyForDeploymentPostprocessing = 0;
		};
		3D8783021A1B67670069BEC6 /* Resources */ = {
			isa = PBXResourcesBuildPhase;
			buildActionMask = 2147483647;
			files = (
			);
			runOnlyForDeploymentPostprocessing = 0;
		};
/* End PBXResourcesBuildPhase section */

/* Begin PBXSourcesBuildPhase section */
		3D8782E71A1B67670069BEC6 /* Sources */ = {
			isa = PBXSourcesBuildPhase;
			buildActionMask = 2147483647;
			files = (
				3D8782F11A1B67670069BEC6 /* main.m in Sources */,
				19A170E87CF4F8D1892BEC0F /* SPLoadingIndicator.m in Sources */,
				19A17C67ECF1AB8A59D2490C /* ViewController.m in Sources */,
				19A1765DEE06FBBD128996BB /* AppDelegate.m in Sources */,
			);
			runOnlyForDeploymentPostprocessing = 0;
		};
		3D8783001A1B67670069BEC6 /* Sources */ = {
			isa = PBXSourcesBuildPhase;
			buildActionMask = 2147483647;
			files = (
				3D87830B1A1B67670069BEC6 /* SpinnerViewTests.m in Sources */,
			);
			runOnlyForDeploymentPostprocessing = 0;
		};
/* End PBXSourcesBuildPhase section */

/* Begin PBXTargetDependency section */
		3D8783061A1B67670069BEC6 /* PBXTargetDependency */ = {
			isa = PBXTargetDependency;
			target = 3D8782EA1A1B67670069BEC6 /* SPLoadingIndicator */;
			targetProxy = 3D8783051A1B67670069BEC6 /* PBXContainerItemProxy */;
		};
/* End PBXTargetDependency section */

/* Begin PBXVariantGroup section */
		19A17A4F1B2AF67A87039AAD /* LaunchScreen.xib */ = {
			isa = PBXVariantGroup;
			children = (
				19A1749DDC17E93D84AEEAE1 /* Base */,
			);
			name = LaunchScreen.xib;
			sourceTree = "<group>";
		};
		19A17BEB04FCC4C89028D74E /* Main.storyboard */ = {
			isa = PBXVariantGroup;
			children = (
				19A1710DFE81434C2C5F9E89 /* Base */,
			);
			name = Main.storyboard;
			sourceTree = "<group>";
		};
/* End PBXVariantGroup section */

/* Begin XCBuildConfiguration section */
		3D87830C1A1B67670069BEC6 /* Debug */ = {
			isa = XCBuildConfiguration;
			buildSettings = {
				ALWAYS_SEARCH_USER_PATHS = NO;
				CLANG_CXX_LANGUAGE_STANDARD = "gnu++0x";
				CLANG_CXX_LIBRARY = "libc++";
				CLANG_ENABLE_MODULES = YES;
				CLANG_ENABLE_OBJC_ARC = YES;
				CLANG_WARN_BOOL_CONVERSION = YES;
				CLANG_WARN_CONSTANT_CONVERSION = YES;
				CLANG_WARN_DIRECT_OBJC_ISA_USAGE = YES_ERROR;
				CLANG_WARN_EMPTY_BODY = YES;
				CLANG_WARN_ENUM_CONVERSION = YES;
				CLANG_WARN_INT_CONVERSION = YES;
				CLANG_WARN_OBJC_ROOT_CLASS = YES_ERROR;
				CLANG_WARN_UNREACHABLE_CODE = YES;
				CLANG_WARN__DUPLICATE_METHOD_MATCH = YES;
				"CODE_SIGN_IDENTITY[sdk=iphoneos*]" = "iPhone Developer";
				COPY_PHASE_STRIP = NO;
				ENABLE_STRICT_OBJC_MSGSEND = YES;
				GCC_C_LANGUAGE_STANDARD = gnu99;
				GCC_DYNAMIC_NO_PIC = NO;
				GCC_OPTIMIZATION_LEVEL = 0;
				GCC_PREPROCESSOR_DEFINITIONS = (
					"DEBUG=1",
					"$(inherited)",
				);
				GCC_SYMBOLS_PRIVATE_EXTERN = NO;
				GCC_WARN_64_TO_32_BIT_CONVERSION = YES;
				GCC_WARN_ABOUT_RETURN_TYPE = YES_ERROR;
				GCC_WARN_UNDECLARED_SELECTOR = YES;
				GCC_WARN_UNINITIALIZED_AUTOS = YES_AGGRESSIVE;
				GCC_WARN_UNUSED_FUNCTION = YES;
				GCC_WARN_UNUSED_VARIABLE = YES;
				IPHONEOS_DEPLOYMENT_TARGET = 8.1;
				MTL_ENABLE_DEBUG_INFO = YES;
				ONLY_ACTIVE_ARCH = YES;
				SDKROOT = iphoneos;
			};
			name = Debug;
		};
		3D87830D1A1B67670069BEC6 /* Release */ = {
			isa = XCBuildConfiguration;
			buildSettings = {
				ALWAYS_SEARCH_USER_PATHS = NO;
				CLANG_CXX_LANGUAGE_STANDARD = "gnu++0x";
				CLANG_CXX_LIBRARY = "libc++";
				CLANG_ENABLE_MODULES = YES;
				CLANG_ENABLE_OBJC_ARC = YES;
				CLANG_WARN_BOOL_CONVERSION = YES;
				CLANG_WARN_CONSTANT_CONVERSION = YES;
				CLANG_WARN_DIRECT_OBJC_ISA_USAGE = YES_ERROR;
				CLANG_WARN_EMPTY_BODY = YES;
				CLANG_WARN_ENUM_CONVERSION = YES;
				CLANG_WARN_INT_CONVERSION = YES;
				CLANG_WARN_OBJC_ROOT_CLASS = YES_ERROR;
				CLANG_WARN_UNREACHABLE_CODE = YES;
				CLANG_WARN__DUPLICATE_METHOD_MATCH = YES;
				"CODE_SIGN_IDENTITY[sdk=iphoneos*]" = "iPhone Developer";
				COPY_PHASE_STRIP = YES;
				ENABLE_NS_ASSERTIONS = NO;
				ENABLE_STRICT_OBJC_MSGSEND = YES;
				GCC_C_LANGUAGE_STANDARD = gnu99;
				GCC_WARN_64_TO_32_BIT_CONVERSION = YES;
				GCC_WARN_ABOUT_RETURN_TYPE = YES_ERROR;
				GCC_WARN_UNDECLARED_SELECTOR = YES;
				GCC_WARN_UNINITIALIZED_AUTOS = YES_AGGRESSIVE;
				GCC_WARN_UNUSED_FUNCTION = YES;
				GCC_WARN_UNUSED_VARIABLE = YES;
				IPHONEOS_DEPLOYMENT_TARGET = 8.1;
				MTL_ENABLE_DEBUG_INFO = NO;
				SDKROOT = iphoneos;
				VALIDATE_PRODUCT = YES;
			};
			name = Release;
		};
		3D87830F1A1B67670069BEC6 /* Debug */ = {
			isa = XCBuildConfiguration;
			buildSettings = {
				ASSETCATALOG_COMPILER_APPICON_NAME = AppIcon;
				INFOPLIST_FILE = SPLoadingIndicator/Info.plist;
				LD_RUNPATH_SEARCH_PATHS = "$(inherited) @executable_path/Frameworks";
				PRODUCT_NAME = SPLoadingIndicator;
			};
			name = Debug;
		};
		3D8783101A1B67670069BEC6 /* Release */ = {
			isa = XCBuildConfiguration;
			buildSettings = {
				ASSETCATALOG_COMPILER_APPICON_NAME = AppIcon;
				INFOPLIST_FILE = SPLoadingIndicator/Info.plist;
				LD_RUNPATH_SEARCH_PATHS = "$(inherited) @executable_path/Frameworks";
				PRODUCT_NAME = SPLoadingIndicator;
			};
			name = Release;
		};
		3D8783121A1B67670069BEC6 /* Debug */ = {
			isa = XCBuildConfiguration;
			buildSettings = {
				BUNDLE_LOADER = "$(TEST_HOST)";
				FRAMEWORK_SEARCH_PATHS = (
					"$(SDKROOT)/Developer/Library/Frameworks",
					"$(inherited)",
				);
				GCC_PREPROCESSOR_DEFINITIONS = (
					"DEBUG=1",
					"$(inherited)",
				);
				INFOPLIST_FILE = SPLoadingIndicator/Info.plist;
				LD_RUNPATH_SEARCH_PATHS = "$(inherited) @executable_path/Frameworks @loader_path/Frameworks";
				PRODUCT_NAME = SPLoadingIndicatorTests;
				TEST_HOST = "$(BUILT_PRODUCTS_DIR)/SpinnerView.app/SpinnerView";
			};
			name = Debug;
		};
		3D8783131A1B67670069BEC6 /* Release */ = {
			isa = XCBuildConfiguration;
			buildSettings = {
				BUNDLE_LOADER = "$(TEST_HOST)";
				FRAMEWORK_SEARCH_PATHS = (
					"$(SDKROOT)/Developer/Library/Frameworks",
					"$(inherited)",
				);
				INFOPLIST_FILE = SPLoadingIndicator/Info.plist;
				LD_RUNPATH_SEARCH_PATHS = "$(inherited) @executable_path/Frameworks @loader_path/Frameworks";
				PRODUCT_NAME = SPLoadingIndicatorTests;
				TEST_HOST = "$(BUILT_PRODUCTS_DIR)/SpinnerView.app/SpinnerView";
			};
			name = Release;
		};
/* End XCBuildConfiguration section */

/* Begin XCConfigurationList section */
		3D8782E61A1B67670069BEC6 /* Build configuration list for PBXProject "SPLoadingIndicator" */ = {
			isa = XCConfigurationList;
			buildConfigurations = (
				3D87830C1A1B67670069BEC6 /* Debug */,
				3D87830D1A1B67670069BEC6 /* Release */,
			);
			defaultConfigurationIsVisible = 0;
			defaultConfigurationName = Release;
		};
		3D87830E1A1B67670069BEC6 /* Build configuration list for PBXNativeTarget "SPLoadingIndicator" */ = {
			isa = XCConfigurationList;
			buildConfigurations = (
				3D87830F1A1B67670069BEC6 /* Debug */,
				3D8783101A1B67670069BEC6 /* Release */,
			);
			defaultConfigurationIsVisible = 0;
			defaultConfigurationName = Release;
		};
		3D8783111A1B67670069BEC6 /* Build configuration list for PBXNativeTarget "SPLoadingIndicatorTests" */ = {
			isa = XCConfigurationList;
			buildConfigurations = (
				3D8783121A1B67670069BEC6 /* Debug */,
				3D8783131A1B67670069BEC6 /* Release */,
			);
			defaultConfigurationIsVisible = 0;
			defaultConfigurationName = Release;
		};
/* End XCConfigurationList section */
	};
	rootObject = 3D8782E31A1B67670069BEC6 /* Project object */;
}
